
Microsoft Visual Studio Solution File, Format Version 12.00
# Visual Studio Version 17
VisualStudioVersion = 17.13.35919.96 d17.13
MinimumVisualStudioVersion = 10.0.40219.1
Project("{FAE04EC0-301F-11D3-BF4B-00C04F79EFBC}") = "taskManager", "taskManager.csproj", "{0759C054-DFD8-4D69-B7FE-E105533CB8B5}"
EndProject
Project("{FAE04EC0-301F-11D3-BF4B-00C04F79EFBC}") = "ClassLibrary1taskManager_BusinessLogic", "ClassLibrary1taskManager_BusinessLogic\ClassLibrary1taskManager_BusinessLogic.csproj", "{6FE6DFF3-72B3-441F-B6DC-0AC3D0B015B4}"
EndProject
Global
	GlobalSection(SolutionConfigurationPlatforms) = preSolution
		Debug|Any CPU = Debug|Any CPU
		Release|Any CPU = Release|Any CPU
	EndGlobalSection
	GlobalSection(ProjectConfigurationPlatforms) = postSolution
		{0759C054-DFD8-4D69-B7FE-E105533CB8B5}.Debug|Any CPU.ActiveCfg = Debug|Any CPU
		{0759C054-DFD8-4D69-B7FE-E105533CB8B5}.Debug|Any CPU.Build.0 = Debug|Any CPU
		{0759C054-DFD8-4D69-B7FE-E105533CB8B5}.Release|Any CPU.ActiveCfg = Release|Any CPU
		{0759C054-DFD8-4D69-B7FE-E105533CB8B5}.Release|Any CPU.Build.0 = Release|Any CPU
		{6FE6DFF3-72B3-441F-B6DC-0AC3D0B015B4}.Debug|Any CPU.ActiveCfg = Debug|Any CPU
		{6FE6DFF3-72B3-441F-B6DC-0AC3D0B015B4}.Debug|Any CPU.Build.0 = Debug|Any CPU
		{6FE6DFF3-72B3-441F-B6DC-0AC3D0B015B4}.Release|Any CPU.ActiveCfg = Release|Any CPU
		{6FE6DFF3-72B3-441F-B6DC-0AC3D0B015B4}.Release|Any CPU.Build.0 = Release|Any CPU
	EndGlobalSection
	GlobalSection(SolutionProperties) = preSolution
		HideSolutionNode = FALSE
	EndGlobalSection
	GlobalSection(ExtensibilityGlobals) = postSolution
		SolutionGuid = {E4C00591-F81F-485C-A4AF-8A725C6A4889}
	EndGlobalSection
EndGlobal
